
Microsoft Visual Studio Solution File, Format Version 12.00
# Visual Studio Version 16
VisualStudioVersion = 16.0.28922.388
MinimumVisualStudioVersion = 10.0.40219.1
Project("{FAE04EC0-301F-11D3-BF4B-00C04F79EFBC}") = "UnitTestShapes", "UnitTestShapes\UnitTestShapes.csproj", "{BA530CAB-2C63-4974-8697-2D51EABD28D8}"
EndProject
Global
	GlobalSection(SolutionConfigurationPlatforms) = preSolution
		Debug|Any CPU = Debug|Any CPU
		Release|Any CPU = Release|Any CPU
	EndGlobalSection
	GlobalSection(ProjectConfigurationPlatforms) = postSolution
		{BA530CAB-2C63-4974-8697-2D51EABD28D8}.Debug|Any CPU.ActiveCfg = Debug|Any CPU
		{BA530CAB-2C63-4974-8697-2D51EABD28D8}.Debug|Any CPU.Build.0 = Debug|Any CPU
		{BA530CAB-2C63-4974-8697-2D51EABD28D8}.Release|Any CPU.ActiveCfg = Release|Any CPU
		{BA530CAB-2C63-4974-8697-2D51EABD28D8}.Release|Any CPU.Build.0 = Release|Any CPU
	EndGlobalSection
	GlobalSection(SolutionProperties) = preSolution
		HideSolutionNode = FALSE
	EndGlobalSection
	GlobalSection(ExtensibilityGlobals) = postSolution
		SolutionGuid = {F8ED2A7E-7358-4870-8880-D463F874BC86}
	EndGlobalSection
EndGlobal
